
Microsoft Visual Studio Solution File, Format Version 12.00
# Visual Studio Version 17
VisualStudioVersion = 17.0.31903.59
MinimumVisualStudioVersion = 10.0.40219.1

Project("{2150E333-8FDC-42A3-9474-1A3956D46DE8}") = "src", "src", "{A1B2C3D4-E5F6-4A5B-8C9D-0E1F2A3B4C5D}"
EndProject
Project("{2150E333-8FDC-42A3-9474-1A3956D46DE8}") = "Domain", "src\Domain", "{B2C3D4E5-F6A7-4B5C-9D0E-1F2A3B4C5D6E}"
EndProject
Project("{2150E333-8FDC-42A3-9474-1A3956D46DE8}") = "Application", "src\Application", "{C3D4E5F6-A7B8-4C5D-9E0F-2A3B4C5D6E7F}"
EndProject
Project("{2150E333-8FDC-42A3-9474-1A3956D46DE8}") = "Infrastructure", "src\Infrastructure", "{D4E5F6A7-B8C9-4D5E-9F0A-3B4C5D6E7F8A}"
EndProject
Project("{2150E333-8FDC-42A3-9474-1A3956D46DE8}") = "API", "src\API", "{E5F6A7B8-C9D0-4E5F-9A0B-4C5D6E7F8A9B}"
EndProject
Project("{2150E333-8FDC-42A3-9474-1A3956D46DE8}") = "Services", "src\Services", "{F6A7B8C9-D0E1-4F5A-9B0C-5D6E7F8A9B0C}"
EndProject

Project("{FAE04EC0-301F-11D3-BF4B-00C04F79EFBC}") = "OrderService.Domain", "src\Domain\OrderService.Domain\OrderService.Domain.csproj", "{1A2B3C4D-5E6F-4A7B-8C9D-0E1F2A3B4C5D}"
EndProject
Project("{FAE04EC0-301F-11D3-BF4B-00C04F79EFBC}") = "OrderService.Application", "src\Application\OrderService.Application\OrderService.Application.csproj", "{2B3C4D5E-6F7A-4B8C-9D0E-1F2A3B4C5D6E}"
EndProject
Project("{FAE04EC0-301F-11D3-BF4B-00C04F79EFBC}") = "OrderService.Infrastructure", "src\Infrastructure\OrderService.Infrastructure\OrderService.Infrastructure.csproj", "{3C4D5E6F-7A8B-4C9D-0E1F-2A3B4C5D6E7F}"
EndProject
Project("{FAE04EC0-301F-11D3-BF4B-00C04F79EFBC}") = "OrderService.API", "src\API\OrderService.API\OrderService.API.csproj", "{4D5E6F7A-8B9C-4D0E-1F2A-3B4C5D6E7F8A}"
EndProject

Project("{FAE04EC0-301F-11D3-BF4B-00C04F79EFBC}") = "ProductService.Domain", "src\Domain\ProductService.Domain\ProductService.Domain.csproj", "{7A8B9C0D-1E2F-4A3B-8C9D-0E1F2A3B4C5D}"
EndProject
Project("{FAE04EC0-301F-11D3-BF4B-00C04F79EFBC}") = "ProductService.Application", "src\Application\ProductService.Application\ProductService.Application.csproj", "{8B9C0D1E-2F3A-4B4C-9D0E-1F2A3B4C5D6E}"
EndProject
Project("{FAE04EC0-301F-11D3-BF4B-00C04F79EFBC}") = "ProductService.Infrastructure", "src\Infrastructure\ProductService.Infrastructure\ProductService.Infrastructure.csproj", "{9C0D1E2F-3A4B-4C5D-9E0F-2A3B4C5D6E7F}"
EndProject
Project("{FAE04EC0-301F-11D3-BF4B-00C04F79EFBC}") = "ProductService.API", "src\API\ProductService.API\ProductService.API.csproj", "{0D1E2F3A-4B5C-4D6E-9F0A-3B4C5D6E7F8A}"
EndProject

Project("{FAE04EC0-301F-11D3-BF4B-00C04F79EFBC}") = "UserService.Domain", "src\Domain\UserService.Domain\UserService.Domain.csproj", "{1E2F3A4B-5C6D-4E7F-9A0B-4C5D6E7F8A9B}"
EndProject
Project("{FAE04EC0-301F-11D3-BF4B-00C04F79EFBC}") = "UserService.Application", "src\Application\UserService.Application\UserService.Application.csproj", "{2F3A4B5C-6D7E-4F8A-9B0C-5D6E7F8A9B0C}"
EndProject
Project("{FAE04EC0-301F-11D3-BF4B-00C04F79EFBC}") = "UserService.Infrastructure", "src\Infrastructure\UserService.Infrastructure\UserService.Infrastructure.csproj", "{3A4B5C6D-7E8F-4A9B-0C1D-6E7F8A9B0C1D}"
EndProject
Project("{FAE04EC0-301F-11D3-BF4B-00C04F79EFBC}") = "UserService.API", "src\API\UserService.API\UserService.API.csproj", "{4B5C6D7E-8F9A-4B0C-1D2E-7F8A9B0C1D2E}"
EndProject

Project("{FAE04EC0-301F-11D3-BF4B-00C04F79EFBC}") = "Gateway.API", "src\API\Gateway.API\Gateway.API.csproj", "{5C6D7E8F-9A0B-4C1D-2E3F-8A9B0C1D2E3F}"
EndProject
Project("{FAE04EC0-301F-11D3-BF4B-00C04F79EFBC}") = "OrderService.Orchestrator", "src\Services\OrderService.Orchestrator\OrderService.Orchestrator.csproj", "{5E6F7A8B-9C0D-4E1F-2A3B-4C5D6E7F8A9B}"
EndProject
Project("{FAE04EC0-301F-11D3-BF4B-00C04F79EFBC}") = "Shared", "src\Shared\Shared.csproj", "{6F7A8B9C-0D1E-4F2A-3B4C-5D6E7F8A9B0C}"
EndProject

Global
	GlobalSection(SolutionConfigurationPlatforms) = preSolution
		Debug|Any CPU = Debug|Any CPU
		Release|Any CPU = Release|Any CPU
	EndGlobalSection
	GlobalSection(ProjectConfigurationPlatforms) = postSolution
		{1A2B3C4D-5E6F-4A7B-8C9D-0E1F2A3B4C5D}.Debug|Any CPU.ActiveCfg = Debug|Any CPU
		{1A2B3C4D-5E6F-4A7B-8C9D-0E1F2A3B4C5D}.Debug|Any CPU.Build.0 = Debug|Any CPU
		{1A2B3C4D-5E6F-4A7B-8C9D-0E1F2A3B4C5D}.Release|Any CPU.ActiveCfg = Release|Any CPU
		{1A2B3C4D-5E6F-4A7B-8C9D-0E1F2A3B4C5D}.Release|Any CPU.Build.0 = Release|Any CPU
		{2B3C4D5E-6F7A-4B8C-9D0E-1F2A3B4C5D6E}.Debug|Any CPU.ActiveCfg = Debug|Any CPU
		{2B3C4D5E-6F7A-4B8C-9D0E-1F2A3B4C5D6E}.Debug|Any CPU.Build.0 = Debug|Any CPU
		{2B3C4D5E-6F7A-4B8C-9D0E-1F2A3B4C5D6E}.Release|Any CPU.ActiveCfg = Release|Any CPU
		{2B3C4D5E-6F7A-4B8C-9D0E-1F2A3B4C5D6E}.Release|Any CPU.Build.0 = Release|Any CPU
		{3C4D5E6F-7A8B-4C9D-0E1F-2A3B4C5D6E7F}.Debug|Any CPU.ActiveCfg = Debug|Any CPU
		{3C4D5E6F-7A8B-4C9D-0E1F-2A3B4C5D6E7F}.Debug|Any CPU.Build.0 = Debug|Any CPU
		{3C4D5E6F-7A8B-4C9D-0E1F-2A3B4C5D6E7F}.Release|Any CPU.ActiveCfg = Release|Any CPU
		{3C4D5E6F-7A8B-4C9D-0E1F-2A3B4C5D6E7F}.Release|Any CPU.Build.0 = Release|Any CPU
		{4D5E6F7A-8B9C-4D0E-1F2A-3B4C5D6E7F8A}.Debug|Any CPU.ActiveCfg = Debug|Any CPU
		{4D5E6F7A-8B9C-4D0E-1F2A-3B4C5D6E7F8A}.Debug|Any CPU.Build.0 = Debug|Any CPU
		{4D5E6F7A-8B9C-4D0E-1F2A-3B4C5D6E7F8A}.Release|Any CPU.ActiveCfg = Release|Any CPU
		{4D5E6F7A-8B9C-4D0E-1F2A-3B4C5D6E7F8A}.Release|Any CPU.Build.0 = Release|Any CPU
		{7A8B9C0D-1E2F-4A3B-8C9D-0E1F2A3B4C5D}.Debug|Any CPU.ActiveCfg = Debug|Any CPU
		{7A8B9C0D-1E2F-4A3B-8C9D-0E1F2A3B4C5D}.Debug|Any CPU.Build.0 = Debug|Any CPU
		{7A8B9C0D-1E2F-4A3B-8C9D-0E1F2A3B4C5D}.Release|Any CPU.ActiveCfg = Release|Any CPU
		{7A8B9C0D-1E2F-4A3B-8C9D-0E1F2A3B4C5D}.Release|Any CPU.Build.0 = Release|Any CPU
		{8B9C0D1E-2F3A-4B4C-9D0E-1F2A3B4C5D6E}.Debug|Any CPU.ActiveCfg = Debug|Any CPU
		{8B9C0D1E-2F3A-4B4C-9D0E-1F2A3B4C5D6E}.Debug|Any CPU.Build.0 = Debug|Any CPU
		{8B9C0D1E-2F3A-4B4C-9D0E-1F2A3B4C5D6E}.Release|Any CPU.ActiveCfg = Release|Any CPU
		{8B9C0D1E-2F3A-4B4C-9D0E-1F2A3B4C5D6E}.Release|Any CPU.Build.0 = Release|Any CPU
		{9C0D1E2F-3A4B-4C5D-9E0F-2A3B4C5D6E7F}.Debug|Any CPU.ActiveCfg = Debug|Any CPU
		{9C0D1E2F-3A4B-4C5D-9E0F-2A3B4C5D6E7F}.Debug|Any CPU.Build.0 = Debug|Any CPU
		{9C0D1E2F-3A4B-4C5D-9E0F-2A3B4C5D6E7F}.Release|Any CPU.ActiveCfg = Release|Any CPU
		{9C0D1E2F-3A4B-4C5D-9E0F-2A3B4C5D6E7F}.Release|Any CPU.Build.0 = Release|Any CPU
		{0D1E2F3A-4B5C-4D6E-9F0A-3B4C5D6E7F8A}.Debug|Any CPU.ActiveCfg = Debug|Any CPU
		{0D1E2F3A-4B5C-4D6E-9F0A-3B4C5D6E7F8A}.Debug|Any CPU.Build.0 = Debug|Any CPU
		{0D1E2F3A-4B5C-4D6E-9F0A-3B4C5D6E7F8A}.Release|Any CPU.ActiveCfg = Release|Any CPU
		{0D1E2F3A-4B5C-4D6E-9F0A-3B4C5D6E7F8A}.Release|Any CPU.Build.0 = Release|Any CPU
		{1E2F3A4B-5C6D-4E7F-9A0B-4C5D6E7F8A9B}.Debug|Any CPU.ActiveCfg = Debug|Any CPU
		{1E2F3A4B-5C6D-4E7F-9A0B-4C5D6E7F8A9B}.Debug|Any CPU.Build.0 = Debug|Any CPU
		{1E2F3A4B-5C6D-4E7F-9A0B-4C5D6E7F8A9B}.Release|Any CPU.ActiveCfg = Release|Any CPU
		{1E2F3A4B-5C6D-4E7F-9A0B-4C5D6E7F8A9B}.Release|Any CPU.Build.0 = Release|Any CPU
		{2F3A4B5C-6D7E-4F8A-9B0C-5D6E7F8A9B0C}.Debug|Any CPU.ActiveCfg = Debug|Any CPU
		{2F3A4B5C-6D7E-4F8A-9B0C-5D6E7F8A9B0C}.Debug|Any CPU.Build.0 = Debug|Any CPU
		{2F3A4B5C-6D7E-4F8A-9B0C-5D6E7F8A9B0C}.Release|Any CPU.ActiveCfg = Release|Any CPU
		{2F3A4B5C-6D7E-4F8A-9B0C-5D6E7F8A9B0C}.Release|Any CPU.Build.0 = Release|Any CPU
		{3A4B5C6D-7E8F-4A9B-0C1D-6E7F8A9B0C1D}.Debug|Any CPU.ActiveCfg = Debug|Any CPU
		{3A4B5C6D-7E8F-4A9B-0C1D-6E7F8A9B0C1D}.Debug|Any CPU.Build.0 = Debug|Any CPU
		{3A4B5C6D-7E8F-4A9B-0C1D-6E7F8A9B0C1D}.Release|Any CPU.ActiveCfg = Release|Any CPU
		{3A4B5C6D-7E8F-4A9B-0C1D-6E7F8A9B0C1D}.Release|Any CPU.Build.0 = Release|Any CPU
		{4B5C6D7E-8F9A-4B0C-1D2E-7F8A9B0C1D2E}.Debug|Any CPU.ActiveCfg = Debug|Any CPU
		{4B5C6D7E-8F9A-4B0C-1D2E-7F8A9B0C1D2E}.Debug|Any CPU.Build.0 = Debug|Any CPU
		{4B5C6D7E-8F9A-4B0C-1D2E-7F8A9B0C1D2E}.Release|Any CPU.ActiveCfg = Release|Any CPU
		{4B5C6D7E-8F9A-4B0C-1D2E-7F8A9B0C1D2E}.Release|Any CPU.Build.0 = Release|Any CPU
		{5C6D7E8F-9A0B-4C1D-2E3F-8A9B0C1D2E3F}.Debug|Any CPU.ActiveCfg = Debug|Any CPU
		{5C6D7E8F-9A0B-4C1D-2E3F-8A9B0C1D2E3F}.Debug|Any CPU.Build.0 = Debug|Any CPU
		{5C6D7E8F-9A0B-4C1D-2E3F-8A9B0C1D2E3F}.Release|Any CPU.ActiveCfg = Release|Any CPU
		{5C6D7E8F-9A0B-4C1D-2E3F-8A9B0C1D2E3F}.Release|Any CPU.Build.0 = Release|Any CPU
		{5E6F7A8B-9C0D-4E1F-2A3B-4C5D6E7F8A9B}.Debug|Any CPU.ActiveCfg = Debug|Any CPU
		{5E6F7A8B-9C0D-4E1F-2A3B-4C5D6E7F8A9B}.Debug|Any CPU.Build.0 = Debug|Any CPU
		{5E6F7A8B-9C0D-4E1F-2A3B-4C5D6E7F8A9B}.Release|Any CPU.ActiveCfg = Release|Any CPU
		{5E6F7A8B-9C0D-4E1F-2A3B-4C5D6E7F8A9B}.Release|Any CPU.Build.0 = Release|Any CPU
		{6F7A8B9C-0D1E-4F2A-3B4C-5D6E7F8A9B0C}.Debug|Any CPU.ActiveCfg = Debug|Any CPU
		{6F7A8B9C-0D1E-4F2A-3B4C-5D6E7F8A9B0C}.Debug|Any CPU.Build.0 = Debug|Any CPU
		{6F7A8B9C-0D1E-4F2A-3B4C-5D6E7F8A9B0C}.Release|Any CPU.ActiveCfg = Release|Any CPU
		{6F7A8B9C-0D1E-4F2A-3B4C-5D6E7F8A9B0C}.Release|Any CPU.Build.0 = Release|Any CPU
	EndGlobalSection
	GlobalSection(NestedProjects) = preSolution
		{1A2B3C4D-5E6F-4A7B-8C9D-0E1F2A3B4C5D} = {B2C3D4E5-F6A7-4B5C-9D0E-1F2A3B4C5D6E}
		{2B3C4D5E-6F7A-4B8C-9D0E-1F2A3B4C5D6E} = {C3D4E5F6-A7B8-4C5D-9E0F-2A3B4C5D6E7F}
		{3C4D5E6F-7A8B-4C9D-0E1F-2A3B4C5D6E7F} = {D4E5F6A7-B8C9-4D5E-9F0A-3B4C5D6E7F8A}
		{4D5E6F7A-8B9C-4D0E-1F2A-3B4C5D6E7F8A} = {E5F6A7B8-C9D0-4E5F-9A0B-4C5D6E7F8A9B}
		{7A8B9C0D-1E2F-4A3B-8C9D-0E1F2A3B4C5D} = {B2C3D4E5-F6A7-4B5C-9D0E-1F2A3B4C5D6E}
		{8B9C0D1E-2F3A-4B4C-9D0E-1F2A3B4C5D6E} = {C3D4E5F6-A7B8-4C5D-9E0F-2A3B4C5D6E7F}
		{9C0D1E2F-3A4B-4C5D-9E0F-2A3B4C5D6E7F} = {D4E5F6A7-B8C9-4D5E-9F0A-3B4C5D6E7F8A}
		{0D1E2F3A-4B5C-4D6E-9F0A-3B4C5D6E7F8A} = {E5F6A7B8-C9D0-4E5F-9A0B-4C5D6E7F8A9B}
		{1E2F3A4B-5C6D-4E7F-9A0B-4C5D6E7F8A9B} = {B2C3D4E5-F6A7-4B5C-9D0E-1F2A3B4C5D6E}
		{2F3A4B5C-6D7E-4F8A-9B0C-5D6E7F8A9B0C} = {C3D4E5F6-A7B8-4C5D-9E0F-2A3B4C5D6E7F}
		{3A4B5C6D-7E8F-4A9B-0C1D-6E7F8A9B0C1D} = {D4E5F6A7-B8C9-4D5E-9F0A-3B4C5D6E7F8A}
		{4B5C6D7E-8F9A-4B0C-1D2E-7F8A9B0C1D2E} = {E5F6A7B8-C9D0-4E5F-9A0B-4C5D6E7F8A9B}
		{5C6D7E8F-9A0B-4C1D-2E3F-8A9B0C1D2E3F} = {E5F6A7B8-C9D0-4E5F-9A0B-4C5D6E7F8A9B}
		{5E6F7A8B-9C0D-4E1F-2A3B-4C5D6E7F8A9B} = {F6A7B8C9-D0E1-4F5A-9B0C-5D6E7F8A9B0C}
		{B2C3D4E5-F6A7-4B5C-9D0E-1F2A3B4C5D6E} = {A1B2C3D4-E5F6-4A5B-8C9D-0E1F2A3B4C5D}
		{C3D4E5F6-A7B8-4C5D-9E0F-2A3B4C5D6E7F} = {A1B2C3D4-E5F6-4A5B-8C9D-0E1F2A3B4C5D}
		{D4E5F6A7-B8C9-4D5E-9F0A-3B4C5D6E7F8A} = {A1B2C3D4-E5F6-4A5B-8C9D-0E1F2A3B4C5D}
		{E5F6A7B8-C9D0-4E5F-9A0B-4C5D6E7F8A9B} = {A1B2C3D4-E5F6-4A5B-8C9D-0E1F2A3B4C5D}
		{F6A7B8C9-D0E1-4F5A-9B0C-5D6E7F8A9B0C} = {A1B2C3D4-E5F6-4A5B-8C9D-0E1F2A3B4C5D}
	EndGlobalSection
EndGlobal
